// !$*UTF8*$!
{
	archiveVersion = 1;
	classes = {
	};
	objectVersion = 56;
	objects = {

/* Begin PBXBuildFile section */
		872F59F9298F1E4D00889C56 /* Alamofire in Frameworks */ = {isa = PBXBuildFile; productRef = 872F59F8298F1E4D00889C56 /* Alamofire */; };
		872F59FC298F1F1C00889C56 /* PromiseKit in Frameworks */ = {isa = PBXBuildFile; productRef = 872F59FB298F1F1C00889C56 /* PromiseKit */; };
		872F59FF298F1FDF00889C56 /* APIRouter.swift in Sources */ = {isa = PBXBuildFile; fileRef = 872F59FE298F1FDF00889C56 /* APIRouter.swift */; };
		872F5A01298F299900889C56 /* ConnectionSettings.swift in Sources */ = {isa = PBXBuildFile; fileRef = 872F5A00298F299900889C56 /* ConnectionSettings.swift */; };
		872F5A03298F2B8E00889C56 /* SessionHelpers.swift in Sources */ = {isa = PBXBuildFile; fileRef = 872F5A02298F2B8E00889C56 /* SessionHelpers.swift */; };
		872F5A06298F322900889C56 /* Time.swift in Sources */ = {isa = PBXBuildFile; fileRef = 872F5A05298F322900889C56 /* Time.swift */; };
		872F5A0A2990317700889C56 /* String + HMAC.swift in Sources */ = {isa = PBXBuildFile; fileRef = 872F5A092990317700889C56 /* String + HMAC.swift */; };
		872F5A0D29903D1500889C56 /* APIKeys.swift in Sources */ = {isa = PBXBuildFile; fileRef = 872F5A0C29903D1500889C56 /* APIKeys.swift */; };
		872F5A0F29903D2900889C56 /* APIHeaders.swift in Sources */ = {isa = PBXBuildFile; fileRef = 872F5A0E29903D2900889C56 /* APIHeaders.swift */; };
		872F5A1129903D4C00889C56 /* APISign.swift in Sources */ = {isa = PBXBuildFile; fileRef = 872F5A1029903D4C00889C56 /* APISign.swift */; };
		872F5A132990409E00889C56 /* Balance.swift in Sources */ = {isa = PBXBuildFile; fileRef = 872F5A122990409E00889C56 /* Balance.swift */; };
		872F5A1529904EE100889C56 /* Order.swift in Sources */ = {isa = PBXBuildFile; fileRef = 872F5A1429904EE100889C56 /* Order.swift */; };
		872F5A1B29913C1500889C56 /* TradeAPIRouter.swift in Sources */ = {isa = PBXBuildFile; fileRef = 872F5A1A29913C1500889C56 /* TradeAPIRouter.swift */; };
		872F5A1D29913C7A00889C56 /* AccountAPIRouter.swift in Sources */ = {isa = PBXBuildFile; fileRef = 872F5A1C29913C7A00889C56 /* AccountAPIRouter.swift */; };
		872F5A1F29913CA200889C56 /* PublicAPIRouter.swift in Sources */ = {isa = PBXBuildFile; fileRef = 872F5A1E29913CA200889C56 /* PublicAPIRouter.swift */; };
		872F5A21299141B700889C56 /* APIRouterStruct.swift in Sources */ = {isa = PBXBuildFile; fileRef = 872F5A20299141B700889C56 /* APIRouterStruct.swift */; };
		873BC27B298F1C3C00BF222D /* AppDelegate.swift in Sources */ = {isa = PBXBuildFile; fileRef = 873BC27A298F1C3C00BF222D /* AppDelegate.swift */; };
		873BC27D298F1C3C00BF222D /* SceneDelegate.swift in Sources */ = {isa = PBXBuildFile; fileRef = 873BC27C298F1C3C00BF222D /* SceneDelegate.swift */; };
		873BC27F298F1C3C00BF222D /* ViewController.swift in Sources */ = {isa = PBXBuildFile; fileRef = 873BC27E298F1C3C00BF222D /* ViewController.swift */; };
		873BC282298F1C3C00BF222D /* Main.storyboard in Resources */ = {isa = PBXBuildFile; fileRef = 873BC280298F1C3C00BF222D /* Main.storyboard */; };
		873BC284298F1C3E00BF222D /* Assets.xcassets in Resources */ = {isa = PBXBuildFile; fileRef = 873BC283298F1C3E00BF222D /* Assets.xcassets */; };
		873BC287298F1C3E00BF222D /* LaunchScreen.storyboard in Resources */ = {isa = PBXBuildFile; fileRef = 873BC285298F1C3E00BF222D /* LaunchScreen.storyboard */; };
/* End PBXBuildFile section */

/* Begin PBXFileReference section */
		872F59FE298F1FDF00889C56 /* APIRouter.swift */ = {isa = PBXFileReference; lastKnownFileType = sourcecode.swift; path = APIRouter.swift; sourceTree = "<group>"; };
		872F5A00298F299900889C56 /* ConnectionSettings.swift */ = {isa = PBXFileReference; lastKnownFileType = sourcecode.swift; path = ConnectionSettings.swift; sourceTree = "<group>"; };
		872F5A02298F2B8E00889C56 /* SessionHelpers.swift */ = {isa = PBXFileReference; lastKnownFileType = sourcecode.swift; path = SessionHelpers.swift; sourceTree = "<group>"; };
		872F5A05298F322900889C56 /* Time.swift */ = {isa = PBXFileReference; lastKnownFileType = sourcecode.swift; path = Time.swift; sourceTree = "<group>"; };
		872F5A092990317700889C56 /* String + HMAC.swift */ = {isa = PBXFileReference; lastKnownFileType = sourcecode.swift; path = "String + HMAC.swift"; sourceTree = "<group>"; };
		872F5A0C29903D1500889C56 /* APIKeys.swift */ = {isa = PBXFileReference; lastKnownFileType = sourcecode.swift; path = APIKeys.swift; sourceTree = "<group>"; };
		872F5A0E29903D2900889C56 /* APIHeaders.swift */ = {isa = PBXFileReference; lastKnownFileType = sourcecode.swift; path = APIHeaders.swift; sourceTree = "<group>"; };
		872F5A1029903D4C00889C56 /* APISign.swift */ = {isa = PBXFileReference; lastKnownFileType = sourcecode.swift; path = APISign.swift; sourceTree = "<group>"; };
		872F5A122990409E00889C56 /* Balance.swift */ = {isa = PBXFileReference; lastKnownFileType = sourcecode.swift; path = Balance.swift; sourceTree = "<group>"; };
		872F5A1429904EE100889C56 /* Order.swift */ = {isa = PBXFileReference; lastKnownFileType = sourcecode.swift; path = Order.swift; sourceTree = "<group>"; };
		872F5A1A29913C1500889C56 /* TradeAPIRouter.swift */ = {isa = PBXFileReference; lastKnownFileType = sourcecode.swift; path = TradeAPIRouter.swift; sourceTree = "<group>"; };
		872F5A1C29913C7A00889C56 /* AccountAPIRouter.swift */ = {isa = PBXFileReference; lastKnownFileType = sourcecode.swift; path = AccountAPIRouter.swift; sourceTree = "<group>"; };
		872F5A1E29913CA200889C56 /* PublicAPIRouter.swift */ = {isa = PBXFileReference; lastKnownFileType = sourcecode.swift; path = PublicAPIRouter.swift; sourceTree = "<group>"; };
		872F5A20299141B700889C56 /* APIRouterStruct.swift */ = {isa = PBXFileReference; lastKnownFileType = sourcecode.swift; path = APIRouterStruct.swift; sourceTree = "<group>"; };
		873BC277298F1C3C00BF222D /* OKXApiManager.app */ = {isa = PBXFileReference; explicitFileType = wrapper.application; includeInIndex = 0; path = OKXApiManager.app; sourceTree = BUILT_PRODUCTS_DIR; };
		873BC27A298F1C3C00BF222D /* AppDelegate.swift */ = {isa = PBXFileReference; lastKnownFileType = sourcecode.swift; path = AppDelegate.swift; sourceTree = "<group>"; };
		873BC27C298F1C3C00BF222D /* SceneDelegate.swift */ = {isa = PBXFileReference; lastKnownFileType = sourcecode.swift; path = SceneDelegate.swift; sourceTree = "<group>"; };
		873BC27E298F1C3C00BF222D /* ViewController.swift */ = {isa = PBXFileReference; lastKnownFileType = sourcecode.swift; path = ViewController.swift; sourceTree = "<group>"; };
		873BC281298F1C3C00BF222D /* Base */ = {isa = PBXFileReference; lastKnownFileType = file.storyboard; name = Base; path = Base.lproj/Main.storyboard; sourceTree = "<group>"; };
		873BC283298F1C3E00BF222D /* Assets.xcassets */ = {isa = PBXFileReference; lastKnownFileType = folder.assetcatalog; path = Assets.xcassets; sourceTree = "<group>"; };
		873BC286298F1C3E00BF222D /* Base */ = {isa = PBXFileReference; lastKnownFileType = file.storyboard; name = Base; path = Base.lproj/LaunchScreen.storyboard; sourceTree = "<group>"; };
		873BC288298F1C3E00BF222D /* Info.plist */ = {isa = PBXFileReference; lastKnownFileType = text.plist.xml; path = Info.plist; sourceTree = "<group>"; };
/* End PBXFileReference section */

/* Begin PBXFrameworksBuildPhase section */
		873BC274298F1C3C00BF222D /* Frameworks */ = {
			isa = PBXFrameworksBuildPhase;
			buildActionMask = 2147483647;
			files = (
				872F59F9298F1E4D00889C56 /* Alamofire in Frameworks */,
				872F59FC298F1F1C00889C56 /* PromiseKit in Frameworks */,
			);
			runOnlyForDeploymentPostprocessing = 0;
		};
/* End PBXFrameworksBuildPhase section */

/* Begin PBXGroup section */
		872F59FD298F1FAF00889C56 /* NetworkLayer */ = {
			isa = PBXGroup;
			children = (
				872F5A29299145DC00889C56 /* APIHelpers */,
				872F5A2B299146A500889C56 /* APIModel */,
				872F5A2A2991464000889C56 /* APIRouter */,
			);
			path = NetworkLayer;
			sourceTree = "<group>";
		};
		872F5A222991442D00889C56 /* PublicAPIRouter */ = {
			isa = PBXGroup;
			children = (
				872F5A1E29913CA200889C56 /* PublicAPIRouter.swift */,
				872F5A232991443C00889C56 /* Model */,
			);
			path = PublicAPIRouter;
			sourceTree = "<group>";
		};
		872F5A232991443C00889C56 /* Model */ = {
			isa = PBXGroup;
			children = (
				872F5A05298F322900889C56 /* Time.swift */,
			);
			path = Model;
			sourceTree = "<group>";
		};
		872F5A242991444F00889C56 /* TradeAPIRouter */ = {
			isa = PBXGroup;
			children = (
				872F5A1A29913C1500889C56 /* TradeAPIRouter.swift */,
				872F5A252991445B00889C56 /* Model */,
			);
			path = TradeAPIRouter;
			sourceTree = "<group>";
		};
		872F5A252991445B00889C56 /* Model */ = {
			isa = PBXGroup;
			children = (
				872F5A1429904EE100889C56 /* Order.swift */,
			);
			path = Model;
			sourceTree = "<group>";
		};
		872F5A262991446F00889C56 /* AccountAPIRouter */ = {
			isa = PBXGroup;
			children = (
				872F5A1C29913C7A00889C56 /* AccountAPIRouter.swift */,
				872F5A272991447400889C56 /* Model */,
			);
			path = AccountAPIRouter;
			sourceTree = "<group>";
		};
		872F5A272991447400889C56 /* Model */ = {
			isa = PBXGroup;
			children = (
				872F5A122990409E00889C56 /* Balance.swift */,
			);
			path = Model;
			sourceTree = "<group>";
		};
		872F5A29299145DC00889C56 /* APIHelpers */ = {
			isa = PBXGroup;
			children = (
				872F5A00298F299900889C56 /* ConnectionSettings.swift */,
				872F5A02298F2B8E00889C56 /* SessionHelpers.swift */,
			);
			path = APIHelpers;
			sourceTree = "<group>";
		};
		872F5A2A2991464000889C56 /* APIRouter */ = {
			isa = PBXGroup;
			children = (
				872F59FE298F1FDF00889C56 /* APIRouter.swift */,
				872F5A20299141B700889C56 /* APIRouterStruct.swift */,
				872F5A262991446F00889C56 /* AccountAPIRouter */,
				872F5A242991444F00889C56 /* TradeAPIRouter */,
				872F5A222991442D00889C56 /* PublicAPIRouter */,
			);
			path = APIRouter;
			sourceTree = "<group>";
		};
		872F5A2B299146A500889C56 /* APIModel */ = {
			isa = PBXGroup;
			children = (
				872F5A0C29903D1500889C56 /* APIKeys.swift */,
				872F5A0E29903D2900889C56 /* APIHeaders.swift */,
				872F5A1029903D4C00889C56 /* APISign.swift */,
			);
			path = APIModel;
			sourceTree = "<group>";
		};
		872F5A2C299147A900889C56 /* Utils */ = {
			isa = PBXGroup;
			children = (
				873BC27A298F1C3C00BF222D /* AppDelegate.swift */,
				873BC27C298F1C3C00BF222D /* SceneDelegate.swift */,
				873BC280298F1C3C00BF222D /* Main.storyboard */,
				873BC285298F1C3E00BF222D /* LaunchScreen.storyboard */,
				873BC283298F1C3E00BF222D /* Assets.xcassets */,
				873BC288298F1C3E00BF222D /* Info.plist */,
				872F5A092990317700889C56 /* String + HMAC.swift */,
			);
			path = Utils;
			sourceTree = "<group>";
		};
		873BC26E298F1C3C00BF222D = {
			isa = PBXGroup;
			children = (
				873BC279298F1C3C00BF222D /* OKXApiManager */,
				873BC278298F1C3C00BF222D /* Products */,
			);
			sourceTree = "<group>";
		};
		873BC278298F1C3C00BF222D /* Products */ = {
			isa = PBXGroup;
			children = (
				873BC277298F1C3C00BF222D /* OKXApiManager.app */,
			);
			name = Products;
			sourceTree = "<group>";
		};
		873BC279298F1C3C00BF222D /* OKXApiManager */ = {
			isa = PBXGroup;
			children = (
				872F5A2C299147A900889C56 /* Utils */,
				872F59FD298F1FAF00889C56 /* NetworkLayer */,
				873BC27E298F1C3C00BF222D /* ViewController.swift */,
			);
			path = OKXApiManager;
			sourceTree = "<group>";
		};
/* End PBXGroup section */

/* Begin PBXNativeTarget section */
		873BC276298F1C3C00BF222D /* OKXApiManager */ = {
			isa = PBXNativeTarget;
			buildConfigurationList = 873BC28B298F1C3E00BF222D /* Build configuration list for PBXNativeTarget "OKXApiManager" */;
			buildPhases = (
				873BC273298F1C3C00BF222D /* Sources */,
				873BC274298F1C3C00BF222D /* Frameworks */,
				873BC275298F1C3C00BF222D /* Resources */,
			);
			buildRules = (
			);
			dependencies = (
			);
			name = OKXApiManager;
			packageProductDependencies = (
				872F59F8298F1E4D00889C56 /* Alamofire */,
				872F59FB298F1F1C00889C56 /* PromiseKit */,
			);
			productName = OKXApiManager;
			productReference = 873BC277298F1C3C00BF222D /* OKXApiManager.app */;
			productType = "com.apple.product-type.application";
		};
/* End PBXNativeTarget section */

/* Begin PBXProject section */
		873BC26F298F1C3C00BF222D /* Project object */ = {
			isa = PBXProject;
			attributes = {
				BuildIndependentTargetsInParallel = 1;
				LastSwiftUpdateCheck = 1420;
				LastUpgradeCheck = 1420;
				TargetAttributes = {
					873BC276298F1C3C00BF222D = {
						CreatedOnToolsVersion = 14.2;
					};
				};
			};
			buildConfigurationList = 873BC272298F1C3C00BF222D /* Build configuration list for PBXProject "OKXApiManager" */;
			compatibilityVersion = "Xcode 14.0";
			developmentRegion = en;
			hasScannedForEncodings = 0;
			knownRegions = (
				en,
				Base,
			);
			mainGroup = 873BC26E298F1C3C00BF222D;
			packageReferences = (
				872F59F7298F1E4D00889C56 /* XCRemoteSwiftPackageReference "Alamofire" */,
				872F59FA298F1F1C00889C56 /* XCRemoteSwiftPackageReference "PromiseKit" */,
			);
			productRefGroup = 873BC278298F1C3C00BF222D /* Products */;
			projectDirPath = "";
			projectRoot = "";
			targets = (
				873BC276298F1C3C00BF222D /* OKXApiManager */,
			);
		};
/* End PBXProject section */

/* Begin PBXResourcesBuildPhase section */
		873BC275298F1C3C00BF222D /* Resources */ = {
			isa = PBXResourcesBuildPhase;
			buildActionMask = 2147483647;
			files = (
				873BC287298F1C3E00BF222D /* LaunchScreen.storyboard in Resources */,
				873BC284298F1C3E00BF222D /* Assets.xcassets in Resources */,
				873BC282298F1C3C00BF222D /* Main.storyboard in Resources */,
			);
			runOnlyForDeploymentPostprocessing = 0;
		};
/* End PBXResourcesBuildPhase section */

/* Begin PBXSourcesBuildPhase section */
		873BC273298F1C3C00BF222D /* Sources */ = {
			isa = PBXSourcesBuildPhase;
			buildActionMask = 2147483647;
			files = (
				873BC27F298F1C3C00BF222D /* ViewController.swift in Sources */,
				872F59FF298F1FDF00889C56 /* APIRouter.swift in Sources */,
				872F5A21299141B700889C56 /* APIRouterStruct.swift in Sources */,
				872F5A06298F322900889C56 /* Time.swift in Sources */,
				872F5A0D29903D1500889C56 /* APIKeys.swift in Sources */,
				872F5A03298F2B8E00889C56 /* SessionHelpers.swift in Sources */,
				872F5A0A2990317700889C56 /* String + HMAC.swift in Sources */,
				873BC27B298F1C3C00BF222D /* AppDelegate.swift in Sources */,
				872F5A1129903D4C00889C56 /* APISign.swift in Sources */,
				872F5A0F29903D2900889C56 /* APIHeaders.swift in Sources */,
				872F5A1D29913C7A00889C56 /* AccountAPIRouter.swift in Sources */,
				873BC27D298F1C3C00BF222D /* SceneDelegate.swift in Sources */,
				872F5A1B29913C1500889C56 /* TradeAPIRouter.swift in Sources */,
				872F5A1F29913CA200889C56 /* PublicAPIRouter.swift in Sources */,
				872F5A1529904EE100889C56 /* Order.swift in Sources */,
				872F5A132990409E00889C56 /* Balance.swift in Sources */,
				872F5A01298F299900889C56 /* ConnectionSettings.swift in Sources */,
			);
			runOnlyForDeploymentPostprocessing = 0;
		};
/* End PBXSourcesBuildPhase section */

/* Begin PBXVariantGroup section */
		873BC280298F1C3C00BF222D /* Main.storyboard */ = {
			isa = PBXVariantGroup;
			children = (
				873BC281298F1C3C00BF222D /* Base */,
			);
			name = Main.storyboard;
			sourceTree = "<group>";
		};
		873BC285298F1C3E00BF222D /* LaunchScreen.storyboard */ = {
			isa = PBXVariantGroup;
			children = (
				873BC286298F1C3E00BF222D /* Base */,
			);
			name = LaunchScreen.storyboard;
			sourceTree = "<group>";
		};
/* End PBXVariantGroup section */

/* Begin XCBuildConfiguration section */
		873BC289298F1C3E00BF222D /* Debug */ = {
			isa = XCBuildConfiguration;
			buildSettings = {
				ALWAYS_SEARCH_USER_PATHS = NO;
				CLANG_ANALYZER_NONNULL = YES;
				CLANG_ANALYZER_NUMBER_OBJECT_CONVERSION = YES_AGGRESSIVE;
				CLANG_CXX_LANGUAGE_STANDARD = "gnu++20";
				CLANG_ENABLE_MODULES = YES;
				CLANG_ENABLE_OBJC_ARC = YES;
				CLANG_ENABLE_OBJC_WEAK = YES;
				CLANG_WARN_BLOCK_CAPTURE_AUTORELEASING = YES;
				CLANG_WARN_BOOL_CONVERSION = YES;
				CLANG_WARN_COMMA = YES;
				CLANG_WARN_CONSTANT_CONVERSION = YES;
				CLANG_WARN_DEPRECATED_OBJC_IMPLEMENTATIONS = YES;
				CLANG_WARN_DIRECT_OBJC_ISA_USAGE = YES_ERROR;
				CLANG_WARN_DOCUMENTATION_COMMENTS = YES;
				CLANG_WARN_EMPTY_BODY = YES;
				CLANG_WARN_ENUM_CONVERSION = YES;
				CLANG_WARN_INFINITE_RECURSION = YES;
				CLANG_WARN_INT_CONVERSION = YES;
				CLANG_WARN_NON_LITERAL_NULL_CONVERSION = YES;
				CLANG_WARN_OBJC_IMPLICIT_RETAIN_SELF = YES;
				CLANG_WARN_OBJC_LITERAL_CONVERSION = YES;
				CLANG_WARN_OBJC_ROOT_CLASS = YES_ERROR;
				CLANG_WARN_QUOTED_INCLUDE_IN_FRAMEWORK_HEADER = YES;
				CLANG_WARN_RANGE_LOOP_ANALYSIS = YES;
				CLANG_WARN_STRICT_PROTOTYPES = YES;
				CLANG_WARN_SUSPICIOUS_MOVE = YES;
				CLANG_WARN_UNGUARDED_AVAILABILITY = YES_AGGRESSIVE;
				CLANG_WARN_UNREACHABLE_CODE = YES;
				CLANG_WARN__DUPLICATE_METHOD_MATCH = YES;
				COPY_PHASE_STRIP = NO;
				DEBUG_INFORMATION_FORMAT = dwarf;
				ENABLE_STRICT_OBJC_MSGSEND = YES;
				ENABLE_TESTABILITY = YES;
				GCC_C_LANGUAGE_STANDARD = gnu11;
				GCC_DYNAMIC_NO_PIC = NO;
				GCC_NO_COMMON_BLOCKS = YES;
				GCC_OPTIMIZATION_LEVEL = 0;
				GCC_PREPROCESSOR_DEFINITIONS = (
					"DEBUG=1",
					"$(inherited)",
				);
				GCC_WARN_64_TO_32_BIT_CONVERSION = YES;
				GCC_WARN_ABOUT_RETURN_TYPE = YES_ERROR;
				GCC_WARN_UNDECLARED_SELECTOR = YES;
				GCC_WARN_UNINITIALIZED_AUTOS = YES_AGGRESSIVE;
				GCC_WARN_UNUSED_FUNCTION = YES;
				GCC_WARN_UNUSED_VARIABLE = YES;
				IPHONEOS_DEPLOYMENT_TARGET = 16.2;
				MTL_ENABLE_DEBUG_INFO = INCLUDE_SOURCE;
				MTL_FAST_MATH = YES;
				ONLY_ACTIVE_ARCH = YES;
				SDKROOT = iphoneos;
				SWIFT_ACTIVE_COMPILATION_CONDITIONS = DEBUG;
				SWIFT_OPTIMIZATION_LEVEL = "-Onone";
			};
			name = Debug;
		};
		873BC28A298F1C3E00BF222D /* Release */ = {
			isa = XCBuildConfiguration;
			buildSettings = {
				ALWAYS_SEARCH_USER_PATHS = NO;
				CLANG_ANALYZER_NONNULL = YES;
				CLANG_ANALYZER_NUMBER_OBJECT_CONVERSION = YES_AGGRESSIVE;
				CLANG_CXX_LANGUAGE_STANDARD = "gnu++20";
				CLANG_ENABLE_MODULES = YES;
				CLANG_ENABLE_OBJC_ARC = YES;
				CLANG_ENABLE_OBJC_WEAK = YES;
				CLANG_WARN_BLOCK_CAPTURE_AUTORELEASING = YES;
				CLANG_WARN_BOOL_CONVERSION = YES;
				CLANG_WARN_COMMA = YES;
				CLANG_WARN_CONSTANT_CONVERSION = YES;
				CLANG_WARN_DEPRECATED_OBJC_IMPLEMENTATIONS = YES;
				CLANG_WARN_DIRECT_OBJC_ISA_USAGE = YES_ERROR;
				CLANG_WARN_DOCUMENTATION_COMMENTS = YES;
				CLANG_WARN_EMPTY_BODY = YES;
				CLANG_WARN_ENUM_CONVERSION = YES;
				CLANG_WARN_INFINITE_RECURSION = YES;
				CLANG_WARN_INT_CONVERSION = YES;
				CLANG_WARN_NON_LITERAL_NULL_CONVERSION = YES;
				CLANG_WARN_OBJC_IMPLICIT_RETAIN_SELF = YES;
				CLANG_WARN_OBJC_LITERAL_CONVERSION = YES;
				CLANG_WARN_OBJC_ROOT_CLASS = YES_ERROR;
				CLANG_WARN_QUOTED_INCLUDE_IN_FRAMEWORK_HEADER = YES;
				CLANG_WARN_RANGE_LOOP_ANALYSIS = YES;
				CLANG_WARN_STRICT_PROTOTYPES = YES;
				CLANG_WARN_SUSPICIOUS_MOVE = YES;
				CLANG_WARN_UNGUARDED_AVAILABILITY = YES_AGGRESSIVE;
				CLANG_WARN_UNREACHABLE_CODE = YES;
				CLANG_WARN__DUPLICATE_METHOD_MATCH = YES;
				COPY_PHASE_STRIP = NO;
				DEBUG_INFORMATION_FORMAT = "dwarf-with-dsym";
				ENABLE_NS_ASSERTIONS = NO;
				ENABLE_STRICT_OBJC_MSGSEND = YES;
				GCC_C_LANGUAGE_STANDARD = gnu11;
				GCC_NO_COMMON_BLOCKS = YES;
				GCC_WARN_64_TO_32_BIT_CONVERSION = YES;
				GCC_WARN_ABOUT_RETURN_TYPE = YES_ERROR;
				GCC_WARN_UNDECLARED_SELECTOR = YES;
				GCC_WARN_UNINITIALIZED_AUTOS = YES_AGGRESSIVE;
				GCC_WARN_UNUSED_FUNCTION = YES;
				GCC_WARN_UNUSED_VARIABLE = YES;
				IPHONEOS_DEPLOYMENT_TARGET = 16.2;
				MTL_ENABLE_DEBUG_INFO = NO;
				MTL_FAST_MATH = YES;
				SDKROOT = iphoneos;
				SWIFT_COMPILATION_MODE = wholemodule;
				SWIFT_OPTIMIZATION_LEVEL = "-O";
				VALIDATE_PRODUCT = YES;
			};
			name = Release;
		};
		873BC28C298F1C3E00BF222D /* Debug */ = {
			isa = XCBuildConfiguration;
			buildSettings = {
				ASSETCATALOG_COMPILER_APPICON_NAME = AppIcon;
				ASSETCATALOG_COMPILER_GLOBAL_ACCENT_COLOR_NAME = AccentColor;
				CODE_SIGN_STYLE = Automatic;
				CURRENT_PROJECT_VERSION = 1;
				DEVELOPMENT_TEAM = BGTZ6TGNVV;
				GENERATE_INFOPLIST_FILE = YES;
				INFOPLIST_FILE = OKXApiManager/Utils/Info.plist;
				INFOPLIST_KEY_UIApplicationSupportsIndirectInputEvents = YES;
				INFOPLIST_KEY_UILaunchStoryboardName = LaunchScreen;
				INFOPLIST_KEY_UIMainStoryboardFile = Main;
				INFOPLIST_KEY_UISupportedInterfaceOrientations_iPad = "UIInterfaceOrientationPortrait UIInterfaceOrientationPortraitUpsideDown UIInterfaceOrientationLandscapeLeft UIInterfaceOrientationLandscapeRight";
				INFOPLIST_KEY_UISupportedInterfaceOrientations_iPhone = "UIInterfaceOrientationPortrait UIInterfaceOrientationLandscapeLeft UIInterfaceOrientationLandscapeRight";
				IPHONEOS_DEPLOYMENT_TARGET = 14.0;
				LD_RUNPATH_SEARCH_PATHS = (
					"$(inherited)",
					"@executable_path/Frameworks",
				);
				MARKETING_VERSION = 1.0;
				PRODUCT_BUNDLE_IDENTIFIER = Roma.id.OKXApiManager;
				PRODUCT_NAME = "$(TARGET_NAME)";
				SWIFT_EMIT_LOC_STRINGS = YES;
				SWIFT_VERSION = 5.0;
				TARGETED_DEVICE_FAMILY = "1,2";
			};
			name = Debug;
		};
		873BC28D298F1C3E00BF222D /* Release */ = {
			isa = XCBuildConfiguration;
			buildSettings = {
				ASSETCATALOG_COMPILER_APPICON_NAME = AppIcon;
				ASSETCATALOG_COMPILER_GLOBAL_ACCENT_COLOR_NAME = AccentColor;
				CODE_SIGN_STYLE = Automatic;
				CURRENT_PROJECT_VERSION = 1;
				DEVELOPMENT_TEAM = BGTZ6TGNVV;
				GENERATE_INFOPLIST_FILE = YES;
				INFOPLIST_FILE = OKXApiManager/Utils/Info.plist;
				INFOPLIST_KEY_UIApplicationSupportsIndirectInputEvents = YES;
				INFOPLIST_KEY_UILaunchStoryboardName = LaunchScreen;
				INFOPLIST_KEY_UIMainStoryboardFile = Main;
				INFOPLIST_KEY_UISupportedInterfaceOrientations_iPad = "UIInterfaceOrientationPortrait UIInterfaceOrientationPortraitUpsideDown UIInterfaceOrientationLandscapeLeft UIInterfaceOrientationLandscapeRight";
				INFOPLIST_KEY_UISupportedInterfaceOrientations_iPhone = "UIInterfaceOrientationPortrait UIInterfaceOrientationLandscapeLeft UIInterfaceOrientationLandscapeRight";
				IPHONEOS_DEPLOYMENT_TARGET = 14.0;
				LD_RUNPATH_SEARCH_PATHS = (
					"$(inherited)",
					"@executable_path/Frameworks",
				);
				MARKETING_VERSION = 1.0;
				PRODUCT_BUNDLE_IDENTIFIER = Roma.id.OKXApiManager;
				PRODUCT_NAME = "$(TARGET_NAME)";
				SWIFT_EMIT_LOC_STRINGS = YES;
				SWIFT_VERSION = 5.0;
				TARGETED_DEVICE_FAMILY = "1,2";
			};
			name = Release;
		};
/* End XCBuildConfiguration section */

/* Begin XCConfigurationList section */
		873BC272298F1C3C00BF222D /* Build configuration list for PBXProject "OKXApiManager" */ = {
			isa = XCConfigurationList;
			buildConfigurations = (
				873BC289298F1C3E00BF222D /* Debug */,
				873BC28A298F1C3E00BF222D /* Release */,
			);
			defaultConfigurationIsVisible = 0;
			defaultConfigurationName = Release;
		};
		873BC28B298F1C3E00BF222D /* Build configuration list for PBXNativeTarget "OKXApiManager" */ = {
			isa = XCConfigurationList;
			buildConfigurations = (
				873BC28C298F1C3E00BF222D /* Debug */,
				873BC28D298F1C3E00BF222D /* Release */,
			);
			defaultConfigurationIsVisible = 0;
			defaultConfigurationName = Release;
		};
/* End XCConfigurationList section */

/* Begin XCRemoteSwiftPackageReference section */
		872F59F7298F1E4D00889C56 /* XCRemoteSwiftPackageReference "Alamofire" */ = {
			isa = XCRemoteSwiftPackageReference;
			repositoryURL = "https://github.com/Alamofire/Alamofire.git";
			requirement = {
				kind = upToNextMajorVersion;
				minimumVersion = 5.0.0;
			};
		};
		872F59FA298F1F1C00889C56 /* XCRemoteSwiftPackageReference "PromiseKit" */ = {
			isa = XCRemoteSwiftPackageReference;
			repositoryURL = "https://github.com/mxcl/PromiseKit?ysclid=ldqknps5w4953276091";
			requirement = {
				kind = upToNextMajorVersion;
				minimumVersion = 6.0.0;
			};
		};
/* End XCRemoteSwiftPackageReference section */

/* Begin XCSwiftPackageProductDependency section */
		872F59F8298F1E4D00889C56 /* Alamofire */ = {
			isa = XCSwiftPackageProductDependency;
			package = 872F59F7298F1E4D00889C56 /* XCRemoteSwiftPackageReference "Alamofire" */;
			productName = Alamofire;
		};
		872F59FB298F1F1C00889C56 /* PromiseKit */ = {
			isa = XCSwiftPackageProductDependency;
			package = 872F59FA298F1F1C00889C56 /* XCRemoteSwiftPackageReference "PromiseKit" */;
			productName = PromiseKit;
		};
/* End XCSwiftPackageProductDependency section */
	};
	rootObject = 873BC26F298F1C3C00BF222D /* Project object */;
}
